// !$*UTF8*$!
{
	archiveVersion = 1;
	classes = {
	};
	objectVersion = 46;
	objects = {

/* Begin PBXBuildFile section */
		01813E831683B2C20038661F /* api.c in Sources */ = {isa = PBXBuildFile; fileRef = 01813E731683B2C20038661F /* api.c */; };
		01813E841683B2C20038661F /* dumper.c in Sources */ = {isa = PBXBuildFile; fileRef = 01813E741683B2C20038661F /* dumper.c */; };
		01813E851683B2C20038661F /* emitter.c in Sources */ = {isa = PBXBuildFile; fileRef = 01813E751683B2C20038661F /* emitter.c */; };
		01813E861683B2C20038661F /* loader.c in Sources */ = {isa = PBXBuildFile; fileRef = 01813E761683B2C20038661F /* loader.c */; };
		01813E871683B2C20038661F /* parser.c in Sources */ = {isa = PBXBuildFile; fileRef = 01813E771683B2C20038661F /* parser.c */; };
		01813E881683B2C20038661F /* reader.c in Sources */ = {isa = PBXBuildFile; fileRef = 01813E781683B2C20038661F /* reader.c */; };
		01813E891683B2C20038661F /* scanner.c in Sources */ = {isa = PBXBuildFile; fileRef = 01813E791683B2C20038661F /* scanner.c */; };
		01813E8A1683B2C20038661F /* writer.c in Sources */ = {isa = PBXBuildFile; fileRef = 01813E7A1683B2C20038661F /* writer.c */; };
		01813E8C1683B2C20038661F /* PWYAMLParser.m in Sources */ = {isa = PBXBuildFile; fileRef = 01813E801683B2C20038661F /* PWYAMLParser.m */; };
		01813E921683B4000038661F /* NSString-PWExtensions.m in Sources */ = {isa = PBXBuildFile; fileRef = 01813E911683B4000038661F /* NSString-PWExtensions.m */; };
		01813E931683B4020038661F /* PWISODateFormatter.m in Sources */ = {isa = PBXBuildFile; fileRef = 01813E8F1683B38C0038661F /* PWISODateFormatter.m */; };
		01813E951683B47C0038661F /* Security.framework in Frameworks */ = {isa = PBXBuildFile; fileRef = 01813E941683B47C0038661F /* Security.framework */; };
		01813E981683B4F30038661F /* PWErrors.m in Sources */ = {isa = PBXBuildFile; fileRef = 01813E971683B4F20038661F /* PWErrors.m */; };
		01813EA01683B6510038661F /* SenTestingKit.framework in Frameworks */ = {isa = PBXBuildFile; fileRef = 01813E9F1683B6510038661F /* SenTestingKit.framework */; };
		01813EA11683B6510038661F /* UIKit.framework in Frameworks */ = {isa = PBXBuildFile; fileRef = 033184E8168281A600581D94 /* UIKit.framework */; };
		01813EA21683B6510038661F /* Foundation.framework in Frameworks */ = {isa = PBXBuildFile; fileRef = 033184EA168281A600581D94 /* Foundation.framework */; };
		01813EA81683B6510038661F /* InfoPlist.strings in Resources */ = {isa = PBXBuildFile; fileRef = 01813EA61683B6510038661F /* InfoPlist.strings */; };
		01813EB81683B6760038661F /* array.yaml in Resources */ = {isa = PBXBuildFile; fileRef = 01813EB11683B6760038661F /* array.yaml */; };
		01813EB91683B6760038661F /* dictionary 2.yaml in Resources */ = {isa = PBXBuildFile; fileRef = 01813EB21683B6760038661F /* dictionary 2.yaml */; };
		01813EBA1683B6760038661F /* dictionary.yaml in Resources */ = {isa = PBXBuildFile; fileRef = 01813EB31683B6760038661F /* dictionary.yaml */; };
		01813EBB1683B6760038661F /* PWYAMLParserTest.m in Sources */ = {isa = PBXBuildFile; fileRef = 01813EB51683B6760038661F /* PWYAMLParserTest.m */; };
		03009A6A16833BE5007067C2 /* CoreData.framework in Frameworks */ = {isa = PBXBuildFile; fileRef = 03009A6916833BE5007067C2 /* CoreData.framework */; };
		03009A6E16834E8F007067C2 /* ConferenceModel.xcdatamodeld in Sources */ = {isa = PBXBuildFile; fileRef = 03009A6C16834E8F007067C2 /* ConferenceModel.xcdatamodeld */; };
		03009A7216835003007067C2 /* Room.m in Sources */ = {isa = PBXBuildFile; fileRef = 03009A7116835003007067C2 /* Room.m */; };
		03009A7B16835211007067C2 /* Speaker.m in Sources */ = {isa = PBXBuildFile; fileRef = 03009A7A16835211007067C2 /* Speaker.m */; };
		03009A7E168353F8007067C2 /* Talk.m in Sources */ = {isa = PBXBuildFile; fileRef = 03009A7D168353F8007067C2 /* Talk.m */; };
		033184E9168281A600581D94 /* UIKit.framework in Frameworks */ = {isa = PBXBuildFile; fileRef = 033184E8168281A600581D94 /* UIKit.framework */; };
		033184EB168281A600581D94 /* Foundation.framework in Frameworks */ = {isa = PBXBuildFile; fileRef = 033184EA168281A600581D94 /* Foundation.framework */; };
		033184ED168281A600581D94 /* CoreGraphics.framework in Frameworks */ = {isa = PBXBuildFile; fileRef = 033184EC168281A600581D94 /* CoreGraphics.framework */; settings = {ATTRIBUTES = (Required, ); }; };
		033184F3168281A600581D94 /* InfoPlist.strings in Resources */ = {isa = PBXBuildFile; fileRef = 033184F1168281A600581D94 /* InfoPlist.strings */; };
		033184F5168281A600581D94 /* main.m in Sources */ = {isa = PBXBuildFile; fileRef = 033184F4168281A600581D94 /* main.m */; };
		033184F9168281A600581D94 /* AppDelegate.m in Sources */ = {isa = PBXBuildFile; fileRef = 033184F8168281A600581D94 /* AppDelegate.m */; };
		033184FB168281A600581D94 /* Default.png in Resources */ = {isa = PBXBuildFile; fileRef = 033184FA168281A600581D94 /* Default.png */; };
		033184FD168281A600581D94 /* Default@2x.png in Resources */ = {isa = PBXBuildFile; fileRef = 033184FC168281A600581D94 /* Default@2x.png */; };
		033184FF168281A600581D94 /* Default-568h@2x.png in Resources */ = {isa = PBXBuildFile; fileRef = 033184FE168281A600581D94 /* Default-568h@2x.png */; };
		03318502168281A600581D94 /* MainStoryboard.storyboard in Resources */ = {isa = PBXBuildFile; fileRef = 03318500168281A600581D94 /* MainStoryboard.storyboard */; };
		03318505168281A600581D94 /* MainViewController.m in Sources */ = {isa = PBXBuildFile; fileRef = 03318504168281A600581D94 /* MainViewController.m */; };
		039DFD2D1683D8B100E1793F /* RoomViewController.m in Sources */ = {isa = PBXBuildFile; fileRef = 039DFD2C1683D8B100E1793F /* RoomViewController.m */; };
		039DFD66168465F400E1793F /* SettingsViewController.m in Sources */ = {isa = PBXBuildFile; fileRef = 039DFD65168465F400E1793F /* SettingsViewController.m */; };
		039DFD6A1684B26600E1793F /* SpeakerViewController.m in Sources */ = {isa = PBXBuildFile; fileRef = 039DFD691684B26600E1793F /* SpeakerViewController.m */; };
		039DFD6F1684F34700E1793F /* TalkViewController.m in Sources */ = {isa = PBXBuildFile; fileRef = 039DFD6E1684F34700E1793F /* TalkViewController.m */; };
/* End PBXBuildFile section */

/* Begin PBXContainerItemProxy section */
		01813EBD1683B78D0038661F /* PBXContainerItemProxy */ = {
			isa = PBXContainerItemProxy;
			containerPortal = 033184DB168281A600581D94 /* Project object */;
			proxyType = 1;
			remoteGlobalIDString = 033184E3168281A600581D94;
			remoteInfo = RESTClient;
		};
/* End PBXContainerItemProxy section */

/* Begin PBXFileReference section */
		01813E731683B2C20038661F /* api.c */ = {isa = PBXFileReference; fileEncoding = 4; lastKnownFileType = sourcecode.c.c; path = api.c; sourceTree = "<group>"; };
		01813E741683B2C20038661F /* dumper.c */ = {isa = PBXFileReference; fileEncoding = 4; lastKnownFileType = sourcecode.c.c; path = dumper.c; sourceTree = "<group>"; };
		01813E751683B2C20038661F /* emitter.c */ = {isa = PBXFileReference; fileEncoding = 4; lastKnownFileType = sourcecode.c.c; path = emitter.c; sourceTree = "<group>"; };
		01813E761683B2C20038661F /* loader.c */ = {isa = PBXFileReference; fileEncoding = 4; lastKnownFileType = sourcecode.c.c; path = loader.c; sourceTree = "<group>"; };
		01813E771683B2C20038661F /* parser.c */ = {isa = PBXFileReference; fileEncoding = 4; lastKnownFileType = sourcecode.c.c; path = parser.c; sourceTree = "<group>"; };
		01813E781683B2C20038661F /* reader.c */ = {isa = PBXFileReference; fileEncoding = 4; lastKnownFileType = sourcecode.c.c; path = reader.c; sourceTree = "<group>"; };
		01813E791683B2C20038661F /* scanner.c */ = {isa = PBXFileReference; fileEncoding = 4; lastKnownFileType = sourcecode.c.c; path = scanner.c; sourceTree = "<group>"; };
		01813E7A1683B2C20038661F /* writer.c */ = {isa = PBXFileReference; fileEncoding = 4; lastKnownFileType = sourcecode.c.c; path = writer.c; sourceTree = "<group>"; };
		01813E7B1683B2C20038661F /* yaml.h */ = {isa = PBXFileReference; fileEncoding = 4; lastKnownFileType = sourcecode.c.h; path = yaml.h; sourceTree = "<group>"; };
		01813E7C1683B2C20038661F /* yaml_private.h */ = {isa = PBXFileReference; fileEncoding = 4; lastKnownFileType = sourcecode.c.h; path = yaml_private.h; sourceTree = "<group>"; };
		01813E7F1683B2C20038661F /* PWYAMLParser.h */ = {isa = PBXFileReference; fileEncoding = 4; lastKnownFileType = sourcecode.c.h; path = PWYAMLParser.h; sourceTree = "<group>"; };
		01813E801683B2C20038661F /* PWYAMLParser.m */ = {isa = PBXFileReference; fileEncoding = 4; lastKnownFileType = sourcecode.c.objc; path = PWYAMLParser.m; sourceTree = "<group>"; };
		01813E8E1683B38B0038661F /* PWISODateFormatter.h */ = {isa = PBXFileReference; lastKnownFileType = sourcecode.c.h; path = PWISODateFormatter.h; sourceTree = "<group>"; };
		01813E8F1683B38C0038661F /* PWISODateFormatter.m */ = {isa = PBXFileReference; lastKnownFileType = sourcecode.c.objc; path = PWISODateFormatter.m; sourceTree = "<group>"; };
		01813E901683B3FF0038661F /* NSString-PWExtensions.h */ = {isa = PBXFileReference; fileEncoding = 4; lastKnownFileType = sourcecode.c.h; path = "NSString-PWExtensions.h"; sourceTree = "<group>"; };
		01813E911683B4000038661F /* NSString-PWExtensions.m */ = {isa = PBXFileReference; fileEncoding = 4; lastKnownFileType = sourcecode.c.objc; path = "NSString-PWExtensions.m"; sourceTree = "<group>"; };
		01813E941683B47C0038661F /* Security.framework */ = {isa = PBXFileReference; lastKnownFileType = wrapper.framework; name = Security.framework; path = System/Library/Frameworks/Security.framework; sourceTree = SDKROOT; };
		01813E961683B4F20038661F /* PWErrors.h */ = {isa = PBXFileReference; fileEncoding = 4; lastKnownFileType = sourcecode.c.h; path = PWErrors.h; sourceTree = "<group>"; };
		01813E971683B4F20038661F /* PWErrors.m */ = {isa = PBXFileReference; fileEncoding = 4; lastKnownFileType = sourcecode.c.objc; path = PWErrors.m; sourceTree = "<group>"; };
		01813E9E1683B6510038661F /* RESTClientTests.octest */ = {isa = PBXFileReference; explicitFileType = wrapper.cfbundle; includeInIndex = 0; path = RESTClientTests.octest; sourceTree = BUILT_PRODUCTS_DIR; };
		01813E9F1683B6510038661F /* SenTestingKit.framework */ = {isa = PBXFileReference; lastKnownFileType = wrapper.framework; name = SenTestingKit.framework; path = Library/Frameworks/SenTestingKit.framework; sourceTree = DEVELOPER_DIR; };
		01813EA51683B6510038661F /* RESTClientTests-Info.plist */ = {isa = PBXFileReference; lastKnownFileType = text.plist.xml; path = "RESTClientTests-Info.plist"; sourceTree = "<group>"; };
		01813EA71683B6510038661F /* en */ = {isa = PBXFileReference; lastKnownFileType = text.plist.strings; name = en; path = en.lproj/InfoPlist.strings; sourceTree = "<group>"; };
		01813EAC1683B6510038661F /* RESTClientTests-Prefix.pch */ = {isa = PBXFileReference; lastKnownFileType = sourcecode.c.h; path = "RESTClientTests-Prefix.pch"; sourceTree = "<group>"; };
		01813EB11683B6760038661F /* array.yaml */ = {isa = PBXFileReference; fileEncoding = 4; lastKnownFileType = text; path = array.yaml; sourceTree = "<group>"; };
		01813EB21683B6760038661F /* dictionary 2.yaml */ = {isa = PBXFileReference; fileEncoding = 4; lastKnownFileType = text; path = "dictionary 2.yaml"; sourceTree = "<group>"; };
		01813EB31683B6760038661F /* dictionary.yaml */ = {isa = PBXFileReference; fileEncoding = 4; lastKnownFileType = text; path = dictionary.yaml; sourceTree = "<group>"; };
		01813EB41683B6760038661F /* PWYAMLParserTest.h */ = {isa = PBXFileReference; fileEncoding = 4; lastKnownFileType = sourcecode.c.h; path = PWYAMLParserTest.h; sourceTree = "<group>"; };
		01813EB51683B6760038661F /* PWYAMLParserTest.m */ = {isa = PBXFileReference; fileEncoding = 4; lastKnownFileType = sourcecode.c.objc; path = PWYAMLParserTest.m; sourceTree = "<group>"; };
		03009A6916833BE5007067C2 /* CoreData.framework */ = {isa = PBXFileReference; lastKnownFileType = wrapper.framework; name = CoreData.framework; path = System/Library/Frameworks/CoreData.framework; sourceTree = SDKROOT; };
		03009A6B16833BED007067C2 /* RESTClient.entitlements */ = {isa = PBXFileReference; lastKnownFileType = text.xml; path = RESTClient.entitlements; sourceTree = "<group>"; };
		03009A6D16834E8F007067C2 /* ConferenceModel.xcdatamodel */ = {isa = PBXFileReference; lastKnownFileType = wrapper.xcdatamodel; path = ConferenceModel.xcdatamodel; sourceTree = "<group>"; };
		03009A7016835003007067C2 /* Room.h */ = {isa = PBXFileReference; fileEncoding = 4; lastKnownFileType = sourcecode.c.h; path = Room.h; sourceTree = "<group>"; };
		03009A7116835003007067C2 /* Room.m */ = {isa = PBXFileReference; fileEncoding = 4; lastKnownFileType = sourcecode.c.objc; path = Room.m; sourceTree = "<group>"; };
		03009A7916835211007067C2 /* Speaker.h */ = {isa = PBXFileReference; fileEncoding = 4; lastKnownFileType = sourcecode.c.h; path = Speaker.h; sourceTree = "<group>"; };
		03009A7A16835211007067C2 /* Speaker.m */ = {isa = PBXFileReference; fileEncoding = 4; lastKnownFileType = sourcecode.c.objc; path = Speaker.m; sourceTree = "<group>"; };
		03009A7C168353F8007067C2 /* Talk.h */ = {isa = PBXFileReference; fileEncoding = 4; lastKnownFileType = sourcecode.c.h; path = Talk.h; sourceTree = "<group>"; };
		03009A7D168353F8007067C2 /* Talk.m */ = {isa = PBXFileReference; fileEncoding = 4; lastKnownFileType = sourcecode.c.objc; path = Talk.m; sourceTree = "<group>"; };
		033184E4168281A600581D94 /* RESTClient.app */ = {isa = PBXFileReference; explicitFileType = wrapper.application; includeInIndex = 0; path = RESTClient.app; sourceTree = BUILT_PRODUCTS_DIR; };
		033184E8168281A600581D94 /* UIKit.framework */ = {isa = PBXFileReference; lastKnownFileType = wrapper.framework; name = UIKit.framework; path = System/Library/Frameworks/UIKit.framework; sourceTree = SDKROOT; };
		033184EA168281A600581D94 /* Foundation.framework */ = {isa = PBXFileReference; lastKnownFileType = wrapper.framework; name = Foundation.framework; path = System/Library/Frameworks/Foundation.framework; sourceTree = SDKROOT; };
		033184EC168281A600581D94 /* CoreGraphics.framework */ = {isa = PBXFileReference; lastKnownFileType = wrapper.framework; name = CoreGraphics.framework; path = System/Library/Frameworks/CoreGraphics.framework; sourceTree = SDKROOT; };
		033184F0168281A600581D94 /* RESTClient-Info.plist */ = {isa = PBXFileReference; lastKnownFileType = text.plist.xml; path = "RESTClient-Info.plist"; sourceTree = "<group>"; };
		033184F2168281A600581D94 /* en */ = {isa = PBXFileReference; lastKnownFileType = text.plist.strings; name = en; path = en.lproj/InfoPlist.strings; sourceTree = "<group>"; };
		033184F4168281A600581D94 /* main.m */ = {isa = PBXFileReference; lastKnownFileType = sourcecode.c.objc; path = main.m; sourceTree = "<group>"; };
		033184F6168281A600581D94 /* RESTClient-Prefix.pch */ = {isa = PBXFileReference; lastKnownFileType = sourcecode.c.h; path = "RESTClient-Prefix.pch"; sourceTree = "<group>"; };
		033184F7168281A600581D94 /* AppDelegate.h */ = {isa = PBXFileReference; lastKnownFileType = sourcecode.c.h; path = AppDelegate.h; sourceTree = "<group>"; };
		033184F8168281A600581D94 /* AppDelegate.m */ = {isa = PBXFileReference; lastKnownFileType = sourcecode.c.objc; path = AppDelegate.m; sourceTree = "<group>"; };
		033184FA168281A600581D94 /* Default.png */ = {isa = PBXFileReference; lastKnownFileType = image.png; path = Default.png; sourceTree = "<group>"; };
		033184FC168281A600581D94 /* Default@2x.png */ = {isa = PBXFileReference; lastKnownFileType = image.png; path = "Default@2x.png"; sourceTree = "<group>"; };
		033184FE168281A600581D94 /* Default-568h@2x.png */ = {isa = PBXFileReference; lastKnownFileType = image.png; path = "Default-568h@2x.png"; sourceTree = "<group>"; };
		03318501168281A600581D94 /* en */ = {isa = PBXFileReference; lastKnownFileType = file.storyboard; name = en; path = en.lproj/MainStoryboard.storyboard; sourceTree = "<group>"; };
		03318503168281A600581D94 /* MainViewController.h */ = {isa = PBXFileReference; lastKnownFileType = sourcecode.c.h; path = MainViewController.h; sourceTree = "<group>"; };
		03318504168281A600581D94 /* MainViewController.m */ = {isa = PBXFileReference; lastKnownFileType = sourcecode.c.objc; path = MainViewController.m; sourceTree = "<group>"; };
		039DFD2B1683D8B100E1793F /* RoomViewController.h */ = {isa = PBXFileReference; fileEncoding = 4; lastKnownFileType = sourcecode.c.h; path = RoomViewController.h; sourceTree = "<group>"; };
		039DFD2C1683D8B100E1793F /* RoomViewController.m */ = {isa = PBXFileReference; fileEncoding = 4; lastKnownFileType = sourcecode.c.objc; path = RoomViewController.m; sourceTree = "<group>"; };
		039DFD64168465F400E1793F /* SettingsViewController.h */ = {isa = PBXFileReference; fileEncoding = 4; lastKnownFileType = sourcecode.c.h; path = SettingsViewController.h; sourceTree = "<group>"; };
		039DFD65168465F400E1793F /* SettingsViewController.m */ = {isa = PBXFileReference; fileEncoding = 4; lastKnownFileType = sourcecode.c.objc; path = SettingsViewController.m; sourceTree = "<group>"; };
		039DFD681684B26600E1793F /* SpeakerViewController.h */ = {isa = PBXFileReference; fileEncoding = 4; lastKnownFileType = sourcecode.c.h; path = SpeakerViewController.h; sourceTree = "<group>"; };
		039DFD691684B26600E1793F /* SpeakerViewController.m */ = {isa = PBXFileReference; fileEncoding = 4; lastKnownFileType = sourcecode.c.objc; path = SpeakerViewController.m; sourceTree = "<group>"; };
		039DFD6D1684F34700E1793F /* TalkViewController.h */ = {isa = PBXFileReference; fileEncoding = 4; lastKnownFileType = sourcecode.c.h; path = TalkViewController.h; sourceTree = "<group>"; };
		039DFD6E1684F34700E1793F /* TalkViewController.m */ = {isa = PBXFileReference; fileEncoding = 4; lastKnownFileType = sourcecode.c.objc; path = TalkViewController.m; sourceTree = "<group>"; };
/* End PBXFileReference section */

/* Begin PBXFrameworksBuildPhase section */
		01813E9A1683B6510038661F /* Frameworks */ = {
			isa = PBXFrameworksBuildPhase;
			buildActionMask = 2147483647;
			files = (
				01813EA01683B6510038661F /* SenTestingKit.framework in Frameworks */,
				01813EA11683B6510038661F /* UIKit.framework in Frameworks */,
				01813EA21683B6510038661F /* Foundation.framework in Frameworks */,
			);
			runOnlyForDeploymentPostprocessing = 0;
		};
		033184E1168281A600581D94 /* Frameworks */ = {
			isa = PBXFrameworksBuildPhase;
			buildActionMask = 2147483647;
			files = (
				01813E951683B47C0038661F /* Security.framework in Frameworks */,
				03009A6A16833BE5007067C2 /* CoreData.framework in Frameworks */,
				033184E9168281A600581D94 /* UIKit.framework in Frameworks */,
				033184EB168281A600581D94 /* Foundation.framework in Frameworks */,
				033184ED168281A600581D94 /* CoreGraphics.framework in Frameworks */,
			);
			runOnlyForDeploymentPostprocessing = 0;
		};
/* End PBXFrameworksBuildPhase section */

/* Begin PBXGroup section */
		01813E711683B2C20038661F /* YAML */ = {
			isa = PBXGroup;
			children = (
				01813E7F1683B2C20038661F /* PWYAMLParser.h */,
				01813E801683B2C20038661F /* PWYAMLParser.m */,
				01813EB01683B6740038661F /* Tests */,
				01813E8E1683B38B0038661F /* PWISODateFormatter.h */,
				01813E8F1683B38C0038661F /* PWISODateFormatter.m */,
				01813E901683B3FF0038661F /* NSString-PWExtensions.h */,
				01813E911683B4000038661F /* NSString-PWExtensions.m */,
				01813E961683B4F20038661F /* PWErrors.h */,
				01813E971683B4F20038661F /* PWErrors.m */,
				01813E721683B2C20038661F /* libYAML */,
			);
			path = YAML;
			sourceTree = "<group>";
		};
		01813E721683B2C20038661F /* libYAML */ = {
			isa = PBXGroup;
			children = (
				01813E731683B2C20038661F /* api.c */,
				01813E741683B2C20038661F /* dumper.c */,
				01813E751683B2C20038661F /* emitter.c */,
				01813E761683B2C20038661F /* loader.c */,
				01813E771683B2C20038661F /* parser.c */,
				01813E781683B2C20038661F /* reader.c */,
				01813E791683B2C20038661F /* scanner.c */,
				01813E7A1683B2C20038661F /* writer.c */,
				01813E7B1683B2C20038661F /* yaml.h */,
				01813E7C1683B2C20038661F /* yaml_private.h */,
			);
			path = libYAML;
			sourceTree = "<group>";
		};
		01813EA31683B6510038661F /* RESTClientTests */ = {
			isa = PBXGroup;
			children = (
				01813EA41683B6510038661F /* Supporting Files */,
			);
			path = RESTClientTests;
			sourceTree = "<group>";
		};
		01813EA41683B6510038661F /* Supporting Files */ = {
			isa = PBXGroup;
			children = (
				01813EA51683B6510038661F /* RESTClientTests-Info.plist */,
				01813EA61683B6510038661F /* InfoPlist.strings */,
				01813EAC1683B6510038661F /* RESTClientTests-Prefix.pch */,
			);
			name = "Supporting Files";
			sourceTree = "<group>";
		};
		01813EB01683B6740038661F /* Tests */ = {
			isa = PBXGroup;
			children = (
				01813EB41683B6760038661F /* PWYAMLParserTest.h */,
				01813EB51683B6760038661F /* PWYAMLParserTest.m */,
				01813EB11683B6760038661F /* array.yaml */,
				01813EB21683B6760038661F /* dictionary 2.yaml */,
				01813EB31683B6760038661F /* dictionary.yaml */,
			);
			path = Tests;
			sourceTree = "<group>";
		};
		03009A6F16834FED007067C2 /* Entity */ = {
			isa = PBXGroup;
			children = (
				03009A7C168353F8007067C2 /* Talk.h */,
				03009A7D168353F8007067C2 /* Talk.m */,
				03009A6C16834E8F007067C2 /* ConferenceModel.xcdatamodeld */,
				03009A7016835003007067C2 /* Room.h */,
				03009A7116835003007067C2 /* Room.m */,
				03009A7916835211007067C2 /* Speaker.h */,
				03009A7A16835211007067C2 /* Speaker.m */,
			);
			name = Entity;
			sourceTree = "<group>";
		};
		033184D9168281A600581D94 = {
			isa = PBXGroup;
			children = (
				033184EE168281A600581D94 /* RESTClient */,
				01813EA31683B6510038661F /* RESTClientTests */,
				033184E7168281A600581D94 /* Frameworks */,
				033184E5168281A600581D94 /* Products */,
			);
			sourceTree = "<group>";
		};
		033184E5168281A600581D94 /* Products */ = {
			isa = PBXGroup;
			children = (
				033184E4168281A600581D94 /* RESTClient.app */,
				01813E9E1683B6510038661F /* RESTClientTests.octest */,
			);
			name = Products;
			sourceTree = "<group>";
		};
		033184E7168281A600581D94 /* Frameworks */ = {
			isa = PBXGroup;
			children = (
				01813E941683B47C0038661F /* Security.framework */,
				03009A6916833BE5007067C2 /* CoreData.framework */,
				033184E8168281A600581D94 /* UIKit.framework */,
				033184EA168281A600581D94 /* Foundation.framework */,
				033184EC168281A600581D94 /* CoreGraphics.framework */,
				01813E9F1683B6510038661F /* SenTestingKit.framework */,
			);
			name = Frameworks;
			sourceTree = "<group>";
		};
		033184EE168281A600581D94 /* RESTClient */ = {
			isa = PBXGroup;
			children = (
				039DFD6B1684B2B900E1793F /* Talk */,
				039DFD671684B24E00E1793F /* Speaker */,
				039DFD63168465D600E1793F /* Settings */,
				039DFD2A1683D88E00E1793F /* Room */,
				03009A6F16834FED007067C2 /* Entity */,
				03009A6B16833BED007067C2 /* RESTClient.entitlements */,
				033184F7168281A600581D94 /* AppDelegate.h */,
				033184F8168281A600581D94 /* AppDelegate.m */,
				03318500168281A600581D94 /* MainStoryboard.storyboard */,
				03318503168281A600581D94 /* MainViewController.h */,
				03318504168281A600581D94 /* MainViewController.m */,
				01813E711683B2C20038661F /* YAML */,
				033184EF168281A600581D94 /* Supporting Files */,
			);
			path = RESTClient;
			sourceTree = "<group>";
		};
		033184EF168281A600581D94 /* Supporting Files */ = {
			isa = PBXGroup;
			children = (
				033184F0168281A600581D94 /* RESTClient-Info.plist */,
				033184F1168281A600581D94 /* InfoPlist.strings */,
				033184F4168281A600581D94 /* main.m */,
				033184F6168281A600581D94 /* RESTClient-Prefix.pch */,
				033184FA168281A600581D94 /* Default.png */,
				033184FC168281A600581D94 /* Default@2x.png */,
				033184FE168281A600581D94 /* Default-568h@2x.png */,
			);
			name = "Supporting Files";
			sourceTree = "<group>";
		};
		039DFD2A1683D88E00E1793F /* Room */ = {
			isa = PBXGroup;
			children = (
				039DFD2B1683D8B100E1793F /* RoomViewController.h */,
				039DFD2C1683D8B100E1793F /* RoomViewController.m */,
			);
			name = Room;
			sourceTree = "<group>";
		};
		039DFD63168465D600E1793F /* Settings */ = {
			isa = PBXGroup;
			children = (
				039DFD64168465F400E1793F /* SettingsViewController.h */,
				039DFD65168465F400E1793F /* SettingsViewController.m */,
			);
			name = Settings;
			sourceTree = "<group>";
		};
		039DFD671684B24E00E1793F /* Speaker */ = {
			isa = PBXGroup;
			children = (
				039DFD681684B26600E1793F /* SpeakerViewController.h */,
				039DFD691684B26600E1793F /* SpeakerViewController.m */,
			);
			name = Speaker;
			sourceTree = "<group>";
		};
		039DFD6B1684B2B900E1793F /* Talk */ = {
			isa = PBXGroup;
			children = (
				039DFD6D1684F34700E1793F /* TalkViewController.h */,
				039DFD6E1684F34700E1793F /* TalkViewController.m */,
			);
			name = Talk;
			sourceTree = "<group>";
		};
/* End PBXGroup section */

/* Begin PBXNativeTarget section */
		01813E9D1683B6510038661F /* RESTClientTests */ = {
			isa = PBXNativeTarget;
			buildConfigurationList = 01813EAD1683B6510038661F /* Build configuration list for PBXNativeTarget "RESTClientTests" */;
			buildPhases = (
				01813E991683B6510038661F /* Sources */,
				01813E9A1683B6510038661F /* Frameworks */,
				01813E9B1683B6510038661F /* Resources */,
				01813E9C1683B6510038661F /* ShellScript */,
			);
			buildRules = (
			);
			dependencies = (
				01813EBE1683B78D0038661F /* PBXTargetDependency */,
			);
			name = RESTClientTests;
			productName = RESTClientTests;
			productReference = 01813E9E1683B6510038661F /* RESTClientTests.octest */;
			productType = "com.apple.product-type.bundle";
		};
		033184E3168281A600581D94 /* RESTClient */ = {
			isa = PBXNativeTarget;
			buildConfigurationList = 03318508168281A600581D94 /* Build configuration list for PBXNativeTarget "RESTClient" */;
			buildPhases = (
				033184E0168281A600581D94 /* Sources */,
				033184E1168281A600581D94 /* Frameworks */,
				033184E2168281A600581D94 /* Resources */,
			);
			buildRules = (
			);
			dependencies = (
			);
			name = RESTClient;
			productName = RESTClient;
			productReference = 033184E4168281A600581D94 /* RESTClient.app */;
			productType = "com.apple.product-type.application";
		};
/* End PBXNativeTarget section */

/* Begin PBXProject section */
		033184DB168281A600581D94 /* Project object */ = {
			isa = PBXProject;
			attributes = {
				LastUpgradeCheck = 0450;
				ORGANIZATIONNAME = "Darko Krizic";
			};
			buildConfigurationList = 033184DE168281A600581D94 /* Build configuration list for PBXProject "RESTClient" */;
			compatibilityVersion = "Xcode 3.2";
			developmentRegion = English;
			hasScannedForEncodings = 0;
			knownRegions = (
				en,
			);
			mainGroup = 033184D9168281A600581D94;
			productRefGroup = 033184E5168281A600581D94 /* Products */;
			projectDirPath = "";
			projectRoot = "";
			targets = (
				033184E3168281A600581D94 /* RESTClient */,
				01813E9D1683B6510038661F /* RESTClientTests */,
			);
		};
/* End PBXProject section */

/* Begin PBXResourcesBuildPhase section */
		01813E9B1683B6510038661F /* Resources */ = {
			isa = PBXResourcesBuildPhase;
			buildActionMask = 2147483647;
			files = (
				01813EA81683B6510038661F /* InfoPlist.strings in Resources */,
				01813EB81683B6760038661F /* array.yaml in Resources */,
				01813EB91683B6760038661F /* dictionary 2.yaml in Resources */,
				01813EBA1683B6760038661F /* dictionary.yaml in Resources */,
			);
			runOnlyForDeploymentPostprocessing = 0;
		};
		033184E2168281A600581D94 /* Resources */ = {
			isa = PBXResourcesBuildPhase;
			buildActionMask = 2147483647;
			files = (
				033184F3168281A600581D94 /* InfoPlist.strings in Resources */,
				033184FB168281A600581D94 /* Default.png in Resources */,
				033184FD168281A600581D94 /* Default@2x.png in Resources */,
				033184FF168281A600581D94 /* Default-568h@2x.png in Resources */,
				03318502168281A600581D94 /* MainStoryboard.storyboard in Resources */,
			);
			runOnlyForDeploymentPostprocessing = 0;
		};
/* End PBXResourcesBuildPhase section */

/* Begin PBXShellScriptBuildPhase section */
		01813E9C1683B6510038661F /* ShellScript */ = {
			isa = PBXShellScriptBuildPhase;
			buildActionMask = 2147483647;
			files = (
			);
			inputPaths = (
			);
			outputPaths = (
			);
			runOnlyForDeploymentPostprocessing = 0;
			shellPath = /bin/sh;
			shellScript = "# Run the unit tests in this test bundle.\n\"${SYSTEM_DEVELOPER_DIR}/Tools/RunUnitTests\"\n";
		};
/* End PBXShellScriptBuildPhase section */

/* Begin PBXSourcesBuildPhase section */
		01813E991683B6510038661F /* Sources */ = {
			isa = PBXSourcesBuildPhase;
			buildActionMask = 2147483647;
			files = (
				01813EBB1683B6760038661F /* PWYAMLParserTest.m in Sources */,
			);
			runOnlyForDeploymentPostprocessing = 0;
		};
		033184E0168281A600581D94 /* Sources */ = {
			isa = PBXSourcesBuildPhase;
			buildActionMask = 2147483647;
			files = (
				033184F5168281A600581D94 /* main.m in Sources */,
				033184F9168281A600581D94 /* AppDelegate.m in Sources */,
				03318505168281A600581D94 /* MainViewController.m in Sources */,
				03009A6E16834E8F007067C2 /* ConferenceModel.xcdatamodeld in Sources */,
				03009A7216835003007067C2 /* Room.m in Sources */,
				03009A7B16835211007067C2 /* Speaker.m in Sources */,
				03009A7E168353F8007067C2 /* Talk.m in Sources */,
				01813E831683B2C20038661F /* api.c in Sources */,
				01813E841683B2C20038661F /* dumper.c in Sources */,
				01813E851683B2C20038661F /* emitter.c in Sources */,
				01813E861683B2C20038661F /* loader.c in Sources */,
				01813E871683B2C20038661F /* parser.c in Sources */,
				01813E881683B2C20038661F /* reader.c in Sources */,
				01813E891683B2C20038661F /* scanner.c in Sources */,
				01813E8A1683B2C20038661F /* writer.c in Sources */,
				01813E8C1683B2C20038661F /* PWYAMLParser.m in Sources */,
				01813E921683B4000038661F /* NSString-PWExtensions.m in Sources */,
				01813E931683B4020038661F /* PWISODateFormatter.m in Sources */,
				01813E981683B4F30038661F /* PWErrors.m in Sources */,
				039DFD2D1683D8B100E1793F /* RoomViewController.m in Sources */,
				039DFD66168465F400E1793F /* SettingsViewController.m in Sources */,
				039DFD6A1684B26600E1793F /* SpeakerViewController.m in Sources */,
				039DFD6F1684F34700E1793F /* TalkViewController.m in Sources */,
			);
			runOnlyForDeploymentPostprocessing = 0;
		};
/* End PBXSourcesBuildPhase section */

/* Begin PBXTargetDependency section */
		01813EBE1683B78D0038661F /* PBXTargetDependency */ = {
			isa = PBXTargetDependency;
			target = 033184E3168281A600581D94 /* RESTClient */;
			targetProxy = 01813EBD1683B78D0038661F /* PBXContainerItemProxy */;
		};
/* End PBXTargetDependency section */

/* Begin PBXVariantGroup section */
		01813EA61683B6510038661F /* InfoPlist.strings */ = {
			isa = PBXVariantGroup;
			children = (
				01813EA71683B6510038661F /* en */,
			);
			name = InfoPlist.strings;
			sourceTree = "<group>";
		};
		033184F1168281A600581D94 /* InfoPlist.strings */ = {
			isa = PBXVariantGroup;
			children = (
				033184F2168281A600581D94 /* en */,
			);
			name = InfoPlist.strings;
			sourceTree = "<group>";
		};
		03318500168281A600581D94 /* MainStoryboard.storyboard */ = {
			isa = PBXVariantGroup;
			children = (
				03318501168281A600581D94 /* en */,
			);
			name = MainStoryboard.storyboard;
			sourceTree = "<group>";
		};
/* End PBXVariantGroup section */

/* Begin XCBuildConfiguration section */
		01813EAE1683B6510038661F /* Debug */ = {
			isa = XCBuildConfiguration;
			buildSettings = {
				BUNDLE_LOADER = "$(BUILT_PRODUCTS_DIR)/RESTClient.app/RESTClient";
				CLANG_WARN_CONSTANT_CONVERSION = YES;
				CLANG_WARN_ENUM_CONVERSION = YES;
				CLANG_WARN_INT_CONVERSION = YES;
				FRAMEWORK_SEARCH_PATHS = (
					"\"$(SDKROOT)/Developer/Library/Frameworks\"",
					"\"$(DEVELOPER_LIBRARY_DIR)/Frameworks\"",
				);
				GCC_PRECOMPILE_PREFIX_HEADER = YES;
				GCC_PREFIX_HEADER = "RESTClientTests/RESTClientTests-Prefix.pch";
				INFOPLIST_FILE = "RESTClientTests/RESTClientTests-Info.plist";
				IPHONEOS_DEPLOYMENT_TARGET = 6.1;
				PRODUCT_NAME = "$(TARGET_NAME)";
				TEST_HOST = "$(BUNDLE_LOADER)";
				WRAPPER_EXTENSION = octest;
			};
			name = Debug;
		};
		01813EAF1683B6510038661F /* Release */ = {
			isa = XCBuildConfiguration;
			buildSettings = {
				BUNDLE_LOADER = "$(BUILT_PRODUCTS_DIR)/RESTClient.app/RESTClient";
				CLANG_WARN_CONSTANT_CONVERSION = YES;
				CLANG_WARN_ENUM_CONVERSION = YES;
				CLANG_WARN_INT_CONVERSION = YES;
				FRAMEWORK_SEARCH_PATHS = (
					"\"$(SDKROOT)/Developer/Library/Frameworks\"",
					"\"$(DEVELOPER_LIBRARY_DIR)/Frameworks\"",
				);
				GCC_PRECOMPILE_PREFIX_HEADER = YES;
				GCC_PREFIX_HEADER = "RESTClientTests/RESTClientTests-Prefix.pch";
				INFOPLIST_FILE = "RESTClientTests/RESTClientTests-Info.plist";
				IPHONEOS_DEPLOYMENT_TARGET = 6.1;
				PRODUCT_NAME = "$(TARGET_NAME)";
				TEST_HOST = "$(BUNDLE_LOADER)";
				WRAPPER_EXTENSION = octest;
			};
			name = Release;
		};
		03318506168281A600581D94 /* Debug */ = {
			isa = XCBuildConfiguration;
			buildSettings = {
				ALWAYS_SEARCH_USER_PATHS = NO;
				CLANG_CXX_LANGUAGE_STANDARD = "gnu++0x";
				CLANG_CXX_LIBRARY = "libc++";
				CLANG_ENABLE_OBJC_ARC = YES;
				CLANG_WARN_EMPTY_BODY = YES;
				CLANG_WARN__DUPLICATE_METHOD_MATCH = YES;
				"CODE_SIGN_IDENTITY[sdk=iphoneos*]" = "iPhone Developer";
				COPY_PHASE_STRIP = NO;
				GCC_C_LANGUAGE_STANDARD = gnu99;
				GCC_DYNAMIC_NO_PIC = NO;
				GCC_OPTIMIZATION_LEVEL = 0;
				GCC_PREPROCESSOR_DEFINITIONS = (
					"DEBUG=1",
					"$(inherited)",
				);
				GCC_SYMBOLS_PRIVATE_EXTERN = NO;
				GCC_WARN_ABOUT_RETURN_TYPE = YES;
				GCC_WARN_UNINITIALIZED_AUTOS = YES;
				GCC_WARN_UNUSED_VARIABLE = YES;
				IPHONEOS_DEPLOYMENT_TARGET = 6.0;
				ONLY_ACTIVE_ARCH = YES;
				SDKROOT = iphoneos;
			};
			name = Debug;
		};
		03318507168281A600581D94 /* Release */ = {
			isa = XCBuildConfiguration;
			buildSettings = {
				ALWAYS_SEARCH_USER_PATHS = NO;
				CLANG_CXX_LANGUAGE_STANDARD = "gnu++0x";
				CLANG_CXX_LIBRARY = "libc++";
				CLANG_ENABLE_OBJC_ARC = YES;
				CLANG_WARN_EMPTY_BODY = YES;
				CLANG_WARN__DUPLICATE_METHOD_MATCH = YES;
				"CODE_SIGN_IDENTITY[sdk=iphoneos*]" = "iPhone Developer";
				COPY_PHASE_STRIP = YES;
				GCC_C_LANGUAGE_STANDARD = gnu99;
				GCC_WARN_ABOUT_RETURN_TYPE = YES;
				GCC_WARN_UNINITIALIZED_AUTOS = YES;
				GCC_WARN_UNUSED_VARIABLE = YES;
				IPHONEOS_DEPLOYMENT_TARGET = 6.0;
				OTHER_CFLAGS = "-DNS_BLOCK_ASSERTIONS=1";
				SDKROOT = iphoneos;
				VALIDATE_PRODUCT = YES;
			};
			name = Release;
		};
		03318509168281A600581D94 /* Debug */ = {
			isa = XCBuildConfiguration;
			buildSettings = {
				CODE_SIGN_ENTITLEMENTS = RESTClient/RESTClient.entitlements;
				GCC_PRECOMPILE_PREFIX_HEADER = YES;
				GCC_PREFIX_HEADER = "RESTClient/RESTClient-Prefix.pch";
				INFOPLIST_FILE = "RESTClient/RESTClient-Info.plist";
				IPHONEOS_DEPLOYMENT_TARGET = 6.0;
				PRODUCT_NAME = "$(TARGET_NAME)";
				WRAPPER_EXTENSION = app;
			};
			name = Debug;
		};
		0331850A168281A600581D94 /* Release */ = {
			isa = XCBuildConfiguration;
			buildSettings = {
				CODE_SIGN_ENTITLEMENTS = RESTClient/RESTClient.entitlements;
				GCC_PRECOMPILE_PREFIX_HEADER = YES;
				GCC_PREFIX_HEADER = "RESTClient/RESTClient-Prefix.pch";
				INFOPLIST_FILE = "RESTClient/RESTClient-Info.plist";
				IPHONEOS_DEPLOYMENT_TARGET = 6.0;
				PRODUCT_NAME = "$(TARGET_NAME)";
				WRAPPER_EXTENSION = app;
			};
			name = Release;
		};
/* End XCBuildConfiguration section */

/* Begin XCConfigurationList section */
		01813EAD1683B6510038661F /* Build configuration list for PBXNativeTarget "RESTClientTests" */ = {
			isa = XCConfigurationList;
			buildConfigurations = (
				01813EAE1683B6510038661F /* Debug */,
				01813EAF1683B6510038661F /* Release */,
			);
			defaultConfigurationIsVisible = 0;
			defaultConfigurationName = Release;
		};
		033184DE168281A600581D94 /* Build configuration list for PBXProject "RESTClient" */ = {
			isa = XCConfigurationList;
			buildConfigurations = (
				03318506168281A600581D94 /* Debug */,
				03318507168281A600581D94 /* Release */,
			);
			defaultConfigurationIsVisible = 0;
			defaultConfigurationName = Release;
		};
		03318508168281A600581D94 /* Build configuration list for PBXNativeTarget "RESTClient" */ = {
			isa = XCConfigurationList;
			buildConfigurations = (
				03318509168281A600581D94 /* Debug */,
				0331850A168281A600581D94 /* Release */,
			);
			defaultConfigurationIsVisible = 0;
			defaultConfigurationName = Release;
		};
/* End XCConfigurationList section */

/* Begin XCVersionGroup section */
		03009A6C16834E8F007067C2 /* ConferenceModel.xcdatamodeld */ = {
			isa = XCVersionGroup;
			children = (
				03009A6D16834E8F007067C2 /* ConferenceModel.xcdatamodel */,
			);
			currentVersion = 03009A6D16834E8F007067C2 /* ConferenceModel.xcdatamodel */;
			path = ConferenceModel.xcdatamodeld;
			sourceTree = "<group>";
			versionGroupType = wrapper.xcdatamodel;
		};
/* End XCVersionGroup section */
	};
	rootObject = 033184DB168281A600581D94 /* Project object */;
}
